dependencies:
- name: mysql
  repository: https://charts.bitnami.com/bitnami
  version: 9.16.0
- name: redis
  repository: https://charts.bitnami.com/bitnami
  version: 18.6.0
- name: opensearch
  repository: https://opensearch-project.github.io/helm-charts/
  version: 2.20.0
- name: backend
  repository: file://charts/backend
  version: 0.1.0
- name: frontend
  repository: file://charts/frontend
  version: 0.1.0
- name: phpmyadmin
  repository: https://charts.bitnami.com/bitnami
  version: 10.3.0
digest: sha256:e5072ce2492ccaddfd993967c51c752b541956c38101289ac5d14e6660bfb5a6
generated: "2025-09-29T00:10:08.190984856+02:00"
