{"version":4,"terraform_version":"1.10.6","serial":34,"lineage":"b41d51e0-d9d8-bbcd-6cb1-3c073104ac2f","outputs":{"agent_ips":{"value":["23.88.35.45","91.98.80.253"],"type":["tuple",["string","string"]]},"ansible_inventory":{"value":"\"all\":\n  \"children\":\n    \"k3s_agents\":\n      \"hosts\":\n        \"agent1\":\n          \"ansible_host\": \"23.88.35.45\"\n          \"ansible_ssh_private_key_file\": \"/home/zhich/.ssh/id_rsa\"\n          \"ansible_user\": \"deploy\"\n        \"agent2\":\n          \"ansible_host\": \"91.98.80.253\"\n          \"ansible_ssh_private_key_file\": \"/home/zhich/.ssh/id_rsa\"\n          \"ansible_user\": \"deploy\"\n    \"k3s_master\":\n      \"hosts\":\n        \"master1\":\n          \"ansible_host\": \"91.99.122.206\"\n          \"ansible_ssh_private_key_file\": \"/home/zhich/.ssh/id_rsa\"\n          \"ansible_user\": \"deploy\"\n","type":"string"},"master_ip":{"value":"91.99.122.206","type":"string"}},"resources":[{"mode":"managed","type":"hcloud_firewall","name":"fw","provider":"provider[\"registry.opentofu.org/hetznercloud/hcloud\"]","instances":[{"schema_version":0,"attributes":{"apply_to":[],"id":"10083417","labels":{},"name":"testclient-firewall","rule":[{"description":"","destination_ips":["0.0.0.0/0"],"direction":"in","port":"22","protocol":"tcp","source_ips":["0.0.0.0/0","::/0"]},{"description":"","destination_ips":["0.0.0.0/0"],"direction":"in","port":"443","protocol":"tcp","source_ips":["0.0.0.0/0","::/0"]},{"description":"","destination_ips":["0.0.0.0/0"],"direction":"in","port":"6443","protocol":"tcp","source_ips":["0.0.0.0/0","::/0"]},{"description":"","destination_ips":["0.0.0.0/0"],"direction":"in","port":"80","protocol":"tcp","source_ips":["0.0.0.0/0","::/0"]},{"description":"","destination_ips":["0.0.0.0/0"],"direction":"out","port":"any","protocol":"tcp","source_ips":["0.0.0.0/0","::/0"]}]},"sensitive_attributes":[],"private":"bnVsbA=="}]},{"mode":"managed","type":"hcloud_network","name":"net","provider":"provider[\"registry.opentofu.org/hetznercloud/hcloud\"]","instances":[{"schema_version":0,"attributes":{"delete_protection":false,"expose_routes_to_vswitch":false,"id":"11526396","ip_range":"10.151.0.0/16","labels":{},"name":"testclient-net"},"sensitive_attributes":[],"private":"bnVsbA==","dependencies":["random_integer.subnet"]}]},{"mode":"managed","type":"hcloud_network_subnet","name":"subnet","provider":"provider[\"registry.opentofu.org/hetznercloud/hcloud\"]","instances":[{"schema_version":0,"attributes":{"gateway":"10.151.0.1","id":"11526396-10.151.0.0/24","ip_range":"10.151.0.0/24","network_id":11526396,"network_zone":"eu-central","type":"server","vswitch_id":null},"sensitive_attributes":[],"private":"bnVsbA==","dependencies":["hcloud_network.net","random_integer.subnet"]}]},{"mode":"managed","type":"hcloud_server","name":"agents","provider":"provider[\"registry.opentofu.org/hetznercloud/hcloud\"]","instances":[{"index_key":0,"schema_version":0,"attributes":{"allow_deprecated_images":false,"backup_window":"","backups":false,"datacenter":"fsn1-dc14","delete_protection":false,"firewall_ids":[10083417],"id":"110773303","ignore_remote_firewall_ids":false,"image":"ubuntu-22.04","ipv4_address":"23.88.35.45","ipv6_address":"2a01:4f8:c012:ac3::1","ipv6_network":"2a01:4f8:c012:ac3::/64","iso":null,"keep_disk":false,"labels":null,"location":"fsn1","name":"k3s-testclient-agent-0","network":[{"alias_ips":[],"ip":"10.151.0.4","mac_address":"86:00:00:9b:d6:58","network_id":11526396}],"placement_group_id":null,"primary_disk_size":80,"public_net":[],"rebuild_protection":false,"rescue":null,"server_type":"cpx21","shutdown_before_deletion":false,"ssh_keys":["testclient-deploy-cfb37b"],"status":"running","timeouts":null,"user_data":"1FBwNZ8SsB8EUgt11V3mmshuVSo="},"sensitive_attributes":[],"private":"eyJlMmJmYjczMC1lY2FhLTExZTYtOGY4OC0zNDM2M2JjN2M0YzAiOnsiY3JlYXRlIjo1NDAwMDAwMDAwMDAwfX0=","dependencies":["hcloud_firewall.fw","hcloud_network.net","hcloud_network_subnet.subnet","hcloud_ssh_key.deploy","random_integer.subnet"]},{"index_key":1,"schema_version":0,"attributes":{"allow_deprecated_images":false,"backup_window":"","backups":false,"datacenter":"fsn1-dc14","delete_protection":false,"firewall_ids":[10083417],"id":"110773304","ignore_remote_firewall_ids":false,"image":"ubuntu-22.04","ipv4_address":"91.98.80.253","ipv6_address":"2a01:4f8:c013:47b8::1","ipv6_network":"2a01:4f8:c013:47b8::/64","iso":null,"keep_disk":false,"labels":null,"location":"fsn1","name":"k3s-testclient-agent-1","network":[{"alias_ips":[],"ip":"10.151.0.2","mac_address":"86:00:00:9b:d6:5a","network_id":11526396}],"placement_group_id":null,"primary_disk_size":80,"public_net":[],"rebuild_protection":false,"rescue":null,"server_type":"cpx21","shutdown_before_deletion":false,"ssh_keys":["testclient-deploy-cfb37b"],"status":"running","timeouts":null,"user_data":"1FBwNZ8SsB8EUgt11V3mmshuVSo="},"sensitive_attributes":[],"private":"eyJlMmJmYjczMC1lY2FhLTExZTYtOGY4OC0zNDM2M2JjN2M0YzAiOnsiY3JlYXRlIjo1NDAwMDAwMDAwMDAwfX0=","dependencies":["hcloud_firewall.fw","hcloud_network.net","hcloud_network_subnet.subnet","hcloud_ssh_key.deploy","random_integer.subnet"]}]},{"mode":"managed","type":"hcloud_server","name":"master","provider":"provider[\"registry.opentofu.org/hetznercloud/hcloud\"]","instances":[{"schema_version":0,"attributes":{"allow_deprecated_images":false,"backup_window":"","backups":false,"datacenter":"fsn1-dc14","delete_protection":false,"firewall_ids":[10083417],"id":"110773305","ignore_remote_firewall_ids":false,"image":"ubuntu-22.04","ipv4_address":"91.99.122.206","ipv6_address":"2a01:4f8:c014:3466::1","ipv6_network":"2a01:4f8:c014:3466::/64","iso":null,"keep_disk":false,"labels":null,"location":"fsn1","name":"k3s-testclient-master","network":[{"alias_ips":[],"ip":"10.151.0.3","mac_address":"86:00:00:9b:d6:59","network_id":11526396}],"placement_group_id":null,"primary_disk_size":80,"public_net":[],"rebuild_protection":false,"rescue":null,"server_type":"cpx21","shutdown_before_deletion":false,"ssh_keys":["testclient-deploy-cfb37b"],"status":"running","timeouts":null,"user_data":"8kEQs3ed/IUWP0F2tkOpluk6dig="},"sensitive_attributes":[],"private":"eyJlMmJmYjczMC1lY2FhLTExZTYtOGY4OC0zNDM2M2JjN2M0YzAiOnsiY3JlYXRlIjo1NDAwMDAwMDAwMDAwfX0=","dependencies":["hcloud_firewall.fw","hcloud_network.net","hcloud_network_subnet.subnet","hcloud_ssh_key.deploy","random_integer.subnet"]}]},{"mode":"managed","type":"hcloud_ssh_key","name":"deploy","provider":"provider[\"registry.opentofu.org/hetznercloud/hcloud\"]","instances":[{"schema_version":0,"attributes":{"fingerprint":"67:2a:bd:79:7a:4c:e1:5e:12:9f:01:48:f9:23:08:1e","id":"103155343","labels":{},"name":"testclient-deploy-cfb37b","public_key":"ssh-rsa AAAAB3NzaC1yc2EAAAADAQABAAACAQCPycwJWUZZOFVDv5qP2UnSnyRQ/Cc60LE8jhiHlFtZr4MzwtRUGXy7j9h7i8RuiISZFNAcVrDR3vU4UPSOx6wRRgjQVYRjYJ6FEn6gX/CFtP0w/J0a2hpjQ4pBSltPXunBE87oc1aFnIkK0z5sJmUcUxrmoz3KAFdf8wanhsVvJGf7oTkmq/UAAoBCUxJb7vP2ftlnCYP9a+4L1TMddf/j1ISoqtNsLMmCGe9ZS/xsShEt5xAlscpfMmnKKEWoxHwvXYwp7ZhV8d8Dq3I68poSwpwssRhVgUW//Yk1GfvBbythskQcluoqz3caTjFRoT2ht5Gb2aWklEGr2W9FvdW6foPlmydls/Di4CwPwvb273/3djDIoWX1Y7TWk0MP3NTlV6CnDyOscJugxMtrYEZ/NUrZqGdZfduE1Jb8qhVPPiCwoJHlvRVkHGyjmC4dl29pb/NJDrIxF/pmeQudvXMvtADHBjo4/p8VZEfiUJWFL/w2VGI+1hgLIV7fp49duhRkH0djtJ/tmgIrnl2CHtI0O3JorbAfRgxs2vDLlScpZyF5fOi7EwbFcfbB33/P2rd6H1OdU/HGKm1rWbmgzfuXa+yW5eFwG4kLs9ggpTS3Wc8GVL/KOcaJtUAinnroerUgUaRePVOxpQHdmSZVEZIqSvYj+YLrAGoSsm6VJQGedQ== your_email@example.com"},"sensitive_attributes":[],"private":"bnVsbA=="}]},{"mode":"managed","type":"random_integer","name":"subnet","provider":"provider[\"registry.opentofu.org/hashicorp/random\"]","instances":[{"schema_version":0,"attributes":{"id":"151","keepers":null,"max":200,"min":10,"result":151,"seed":null},"sensitive_attributes":[]}]}],"check_results":null}
